
Microsoft Visual Studio Solution File, Format Version 12.00
# Visual Studio Version 17
VisualStudioVersion = 17.6.33829.357
MinimumVisualStudioVersion = 10.0.40219.1
Project("{FAE04EC0-301F-11D3-BF4B-00C04F79EFBC}") = "WebSales", "WebSales\WebSales.csproj", "{B9E64452-A928-45AA-9231-6B92D6EB2274}"
EndProject
Global
	GlobalSection(SolutionConfigurationPlatforms) = preSolution
		Debug|Any CPU = Debug|Any CPU
		Release|Any CPU = Release|Any CPU
	EndGlobalSection
	GlobalSection(ProjectConfigurationPlatforms) = postSolution
		{B9E64452-A928-45AA-9231-6B92D6EB2274}.Debug|Any CPU.ActiveCfg = Debug|Any CPU
		{B9E64452-A928-45AA-9231-6B92D6EB2274}.Debug|Any CPU.Build.0 = Debug|Any CPU
		{B9E64452-A928-45AA-9231-6B92D6EB2274}.Release|Any CPU.ActiveCfg = Release|Any CPU
		{B9E64452-A928-45AA-9231-6B92D6EB2274}.Release|Any CPU.Build.0 = Release|Any CPU
	EndGlobalSection
	GlobalSection(SolutionProperties) = preSolution
		HideSolutionNode = FALSE
	EndGlobalSection
	GlobalSection(ExtensibilityGlobals) = postSolution
		SolutionGuid = {D1279D8B-3BF3-4C54-8D78-B9CA943F8755}
	EndGlobalSection
EndGlobal
